# THIS IS AN AUTOGENERATED FILE. DO NOT EDIT THIS FILE DIRECTLY.
# yarn lockfile v1


"@types/node@*":
  version "25.0.3"
  resolved "https://registry.yarnpkg.com/@types/node/-/node-25.0.3.tgz#79b9ac8318f373fbfaaf6e2784893efa9701f269"
  integrity sha512-W609buLVRVmeW693xKfzHeIV6nJGGz98uCPfeXI1ELMLXVeKYZ9m15fAMSaUPBHYLGFsVRcMmSCksQOrZV9BYA==
  dependencies:
    undici-types "~7.16.0"

"@types/node@^22.13.5":
  version "22.19.3"
  resolved "https://registry.yarnpkg.com/@types/node/-/node-22.19.3.tgz#8dfde7630d7a8528dc9b34db23d34f764467c02c"
  integrity sha512-1N9SBnWYOJTrNZCdh/yJE+t910Y128BoyY+zBLWhL3r0TYzlTmFdXrPwHL9DyFZmlEXNQQolTZh3KHV31QDhyA==
  dependencies:
    undici-types "~6.21.0"

"@types/ws@^8.18.1":
  version "8.18.1"
  resolved "https://registry.yarnpkg.com/@types/ws/-/ws-8.18.1.tgz#48464e4bf2ddfd17db13d845467f6070ffea4aa9"
  integrity sha512-ThVF6DCVhA8kUGy+aazFQ4kXQ7E1Ty7A3ypFOe0IcJV8O/M511G99AW24irKrW56Wt44yG9+ij8FaqoBGkuBXg==
  dependencies:
    "@types/node" "*"

ansi-parser@1.4.0:
  version "1.4.0"
  resolved "https://registry.yarnpkg.com/ansi-parser/-/ansi-parser-1.4.0.tgz#9fbf1d7f48351da5a8ebc8a7ce65ac8a09e2e14a"
  integrity sha512-xnStac3E+n0VD9+Om894IFp9KDOp7ODOp7SHza4NbdrxC/6y3H3xjSmjaMlJiyiTScX0QNKN+G5t0X6YYbEg1A==

ansi-parser@3.0.0:
  version "3.0.0"
  resolved "https://registry.yarnpkg.com/ansi-parser/-/ansi-parser-3.0.0.tgz#945c0e7232caf5675217375b3eb8892008c14629"
  integrity sha512-edNYJqqmeQJ+N7YV6gWQ4xAumqctsOchnNVDZEHsMSVZcytGLwq9SbGDwm9Jg+XpPNdl6zSGgujFRqiu1PmFYg==

ansi-parser@^3.2.1:
  version "3.2.11"
  resolved "https://registry.yarnpkg.com/ansi-parser/-/ansi-parser-3.2.11.tgz#38fd8888dd1b37755d7f8bf89e2f58e8858ce5e1"
  integrity sha512-HeEwCVf/pI9qQUVaTkoDBl9U/QU4RvWJ+Trg1jNSNvDzFsBAId6fHv6VLiC7HzwrOiL8uOEkO5T1eTgpnTFQfQ==

ansi-regex@^4.1.0:
  version "4.1.1"
  resolved "https://registry.yarnpkg.com/ansi-regex/-/ansi-regex-4.1.1.tgz#164daac87ab2d6f6db3a29875e2d1766582dabed"
  integrity sha512-ILlv4k/3f6vfQ4OoP2AGvirOktlQ98ZEL1k9FaQjxa3L1abBgbuTDAdPOpvbGncC0BTVQrl+OM8xZGK6tWXt7g==

ansi-styles@^3.0.0:
  version "3.2.1"
  resolved "https://registry.yarnpkg.com/ansi-styles/-/ansi-styles-3.2.1.tgz#41fbb20243e50b12be0f04b8dedbf07520ce841d"
  integrity sha512-VT0ZI6kZRdTh8YyJw3SMbYm/u+NqfsAxEpWO0Pf9sq8/e94WxxOpPKx9FR1FlyCtOVDNOQ+8ntlqFxiRc+r5qA==
  dependencies:
    color-convert "^1.9.0"

ansy@^1.0.0:
  version "1.0.16"
  resolved "https://registry.yarnpkg.com/ansy/-/ansy-1.0.16.tgz#d95150f7539316e228a8461d59689e294b077e64"
  integrity sha512-9heIA517JMByr2usiEiobYDJSN71ikQgcFucf4mp4THZG2ZQHNQJjzJIICB1m5JOy3s66HZHTZ5nTHDoliLI9A==
  dependencies:
    ansi-styles "^3.0.0"
    custom-return "^1.0.0"
    supports-color "^3.1.2"
    ul "^5.2.1"

arrs-to-obj@^1.0.0:
  version "1.0.13"
  resolved "https://registry.yarnpkg.com/arrs-to-obj/-/arrs-to-obj-1.0.13.tgz#ed95e1a7691fb97cde8640a6586283e54d8f329e"
  integrity sha512-NKy9DsSaWvk+FQ5NwqA0cg1wdgIdwCAz2MlV/nYx0ZA+zgRlSEN/XJR+tmqW2ZzSOSR/Q89nL2VcOMNQHGtvRw==

auto-parse@^1.2.0:
  version "1.8.0"
  resolved "https://registry.yarnpkg.com/auto-parse/-/auto-parse-1.8.0.tgz#1164051c832d5574e8eb6a18d3a37a278fe61e72"
  integrity sha512-Uri4uC+K5cSi5hjM4snFrqPrjqUpwxeSW5EMTPvN7Ju3PlDzmXXDr5tjdzxPvvwgT3J7bmMDJ3Rm625nbrc72A==
  dependencies:
    typpy "2.3.11"

barbe@^3.0.4:
  version "3.0.17"
  resolved "https://registry.yarnpkg.com/barbe/-/barbe-3.0.17.tgz#f8e2e6d5a63ac4e4a8f651ea414b5eb4b8c6d9ef"
  integrity sha512-wfNVSwXsLY7jkafQgfM79pZM9Pov8u0Y0rJmjJDlmHUGxME2EkxgYkj3SgX3I2oRIPbX8RrmPdjQMiu9uTtuXw==
  dependencies:
    iterate-object "^1.3.2"
    regex-escape "^3.0.0"
    typpy "^2.3.1"

camelo@^1.1.2:
  version "1.2.2"
  resolved "https://registry.yarnpkg.com/camelo/-/camelo-1.2.2.tgz#bb125b6848b6092a74b7e2d6c0db9f319b262749"
  integrity sha512-4HmYiO74VXQM6NFE2euk2p/6hBJeYDDf6k3ZMIvTCWhoAm6RvUiWkhxjkJsztcqEYt7g/jgr5en6R/TPaFccXw==
  dependencies:
    regex-escape "^3.4.10"
    uc-first-array "^1.1.10"

cli-box@5.0.0:
  version "5.0.0"
  resolved "https://registry.yarnpkg.com/cli-box/-/cli-box-5.0.0.tgz#870ea8aa77e7c25179416ceccfe5ed0690804602"
  integrity sha512-1ukDhxQ1nSgfupVOH2v6+meRlKLHjTaSdCPTFjUOtAjQvFsDEWeW08gySk8o5dr+biPosooNmfle28ighmTEPA==
  dependencies:
    ansi-parser "3.0.0"
    ul "5.0.0"

cli-box@^6.0.0:
  version "6.0.11"
  resolved "https://registry.yarnpkg.com/cli-box/-/cli-box-6.0.11.tgz#10b88d2eef2bfb68adcbe596f39329d8b3d28c6c"
  integrity sha512-ZwzIMs85fR3r01gVcfo3nFgwkPLoTIQNq//iFojRjFGTdxcxxM+4qnffPEfgqmv4/JPV/lqaMmEcoBSt46bjcg==
  dependencies:
    ansi-parser "^3.2.1"
    deffy "^2.2.1"
    is-undefined "^1.0.0"
    is-win "^1.0.0"
    ul "^5.2.1"

cli-confetti@^1.1.1:
  version "1.1.2"
  resolved "https://registry.yarnpkg.com/cli-confetti/-/cli-confetti-1.1.2.tgz#fe48ef095d604ea035f5fc1e2a6c2d9d9d930f8b"
  integrity sha512-GezCEspvJJyyHQJucohPKSDUrPfmIdcYFlGuf+wZ8ogTkJw8k2GUCjb7gsElgrVMIsAAHkpwuq/QSSAKi9i5ZQ==
  dependencies:
    cli-snow "^1.3.3"
    cli-update "^3.2.0"
    couleurs "^6.0.3"
    flat-colors "^3.3.3"
    tilda "^4.3.1"

cli-resize@^2.0.0:
  version "2.0.9"
  resolved "https://registry.yarnpkg.com/cli-resize/-/cli-resize-2.0.9.tgz#3be15c5d6cd483500f8b3e6c623f9cebcddeda2a"
  integrity sha512-y7gpVgQguETK8q8QoPJeacHN7+9KwCi/xr+Sx3Y6sh5iY47U7+FSR9ttygUM+JkPMRbIkVrUL0y/heuuC29WdA==
  dependencies:
    cli-size "^1.0.0"

cli-size@^1.0.0:
  version "1.0.12"
  resolved "https://registry.yarnpkg.com/cli-size/-/cli-size-1.0.12.tgz#bf87a84308953a3d709eac6b6ab1ddcd457744ed"
  integrity sha512-WRaMJ1CTZR93dDgd/XIjoCVl+WB04n++xRr/fNQBoxxvOTdMdRVrKP1O2C1q4oWFQZphUIQhppuunA1mOwi5xw==

cli-snow@^1.3.3:
  version "1.3.14"
  resolved "https://registry.yarnpkg.com/cli-snow/-/cli-snow-1.3.14.tgz#da9c96a8a209d8880909fe6da47affd3c784063a"
  integrity sha512-Iol9Dpz9GsWHGMYlgegXej2TQpyd7HglrSMsd9VWytpvREw2r5xOvXF0TevqIzwbbh+Fc+QasNtb2Tz72kcWUA==
  dependencies:
    cli-update "^1.0.0"
    figlet "^1.1.0"
    overlap "^1.5.0"
    ul "^1.0.0"

cli-update@^1.0.0:
  version "1.0.0"
  resolved "https://registry.yarnpkg.com/cli-update/-/cli-update-1.0.0.tgz#379486652303e495f039aae9016cfc0d0f263495"
  integrity sha512-LiAlJnOtG3o4yX+bhDeWfWsBNb0w1dVppHKPZyu9w1V/O2qGaCwKRH//6LNHouFOaN8aaU+6IoT8XXWdtkB8CA==

cli-update@^3.2.0, cli-update@^3.2.8:
  version "3.2.8"
  resolved "https://registry.yarnpkg.com/cli-update/-/cli-update-3.2.8.tgz#7758bb3101a7e04e66325b4cf51e07c19791aa88"
  integrity sha512-Q7ipecboCnd3vcVwWNpbK4DskWUq/HRJF9CSKUiymbZYgnytKvcb2V2Pave2UZ4d72bP/S+UjbVQ9uuYrDMH3A==
  dependencies:
    cli-resize "^2.0.0"
    cli-size "^1.0.0"

clp@^4.0.0:
  version "4.0.13"
  resolved "https://registry.yarnpkg.com/clp/-/clp-4.0.13.tgz#f25df9f149d1ba84a1ee3a86bc6ae913b7eecad5"
  integrity sha512-3ZftycxYlUM4tMx4Am3zrXOTIPAwsRAVDQ5XchIxdg6A3swraHLq7Ai94FBFIYTn2gq8kaQ2VRGmfPP6n62liA==
  dependencies:
    is-number "^2.1.0"
    last-char "^1.3.1"
    match-it "^1.0.0"

color-convert@^1.0.0, color-convert@^1.9.0:
  version "1.9.3"
  resolved "https://registry.yarnpkg.com/color-convert/-/color-convert-1.9.3.tgz#bb71850690e1f136567de629d2d5471deda4c1e8"
  integrity sha512-QfAUtd+vFdAtFQcC8CCyYt1fYWxSqAiK2cSD6zDB8N3cpsEBAvRxp9zOGg6G/SHHJYAT88/az/IuDGALsNVbGg==
  dependencies:
    color-name "1.1.3"

color-name@1.1.3:
  version "1.1.3"
  resolved "https://registry.yarnpkg.com/color-name/-/color-name-1.1.3.tgz#a7d0558bd89c42f795dd42328f740831ca53bc25"
  integrity sha512-72fSenhMw2HZMTVHeCA9KCmpEIbzWiQsjN+BHcBbS9vr1mtt+vJjPdksIBNUmKAW8TFUDPJK5SUU3QhE9NEXDw==

commander@^14.0.0:
  version "14.0.2"
  resolved "https://registry.yarnpkg.com/commander/-/commander-14.0.2.tgz#b71fd37fe4069e4c3c7c13925252ada4eba14e8e"
  integrity sha512-TywoWNNRbhoD0BXs1P3ZEScW8W5iKrnbithIl0YH+uCmBd0QpPOA8yc82DS3BIE5Ma6FnBVUsJ7wVUDz4dvOWQ==

couleurs@5.0.0:
  version "5.0.0"
  resolved "https://registry.yarnpkg.com/couleurs/-/couleurs-5.0.0.tgz#1cd3ace5cca1bec0041578b27464b2676387f6db"
  integrity sha512-B+loDDlwPNwI27lC2WLJX9EqDhYV97nkUq4in2mJVco3P53hDztcIu3kUhrqS4+eb6w7dL9WcXADkn7V2DQFOw==
  dependencies:
    flat-colors "3.0.0"
    typpy "2.0.0"
    x256 "0.0.2"

couleurs@^6.0.3:
  version "6.0.12"
  resolved "https://registry.yarnpkg.com/couleurs/-/couleurs-6.0.12.tgz#2d16547b2e58595438da4f68ae0a27e3da826e50"
  integrity sha512-3SzCoWk+IWpReIhdrPnFCsjOQq1CyZ1OHWVTlFq/HR94tK6tEzNSbUycYCEhg+ywnznhFACad+YbGAHGmKzeOQ==
  dependencies:
    ansy "^1.0.0"
    color-convert "^1.0.0"
    iterate-object "^1.3.1"
    typpy "^2.3.1"

custom-return@^1.0.0:
  version "1.0.13"
  resolved "https://registry.yarnpkg.com/custom-return/-/custom-return-1.0.13.tgz#534f3065d30a45d2096faf7567397c0ba1f3d820"
  integrity sha512-28xNk/Ek+zEhP5grGiNm9+npFJzqhwULzNcBSx4Osh4iuvczTLQqKB7cZoyNql/hpuuWyWBzbeY2+uCH0Qv7UA==
  dependencies:
    noop6 "^1.0.0"

debug-mode@^2.0.0:
  version "2.0.3"
  resolved "https://registry.yarnpkg.com/debug-mode/-/debug-mode-2.0.3.tgz#4a3882affa57ca97c1d0251428cc144669ea8bb6"
  integrity sha512-JamqdAwqiN2R13jCXVd4IGHYVfCfO/Y1u4APJIDTCba4nvA3siZBov1AqkFiYpI+7lSwneGCZKoWOdWAT41/Fg==

deffy@2.0.0:
  version "2.0.0"
  resolved "https://registry.yarnpkg.com/deffy/-/deffy-2.0.0.tgz#f82e08eea518c4a0a30b1f03ec504d248af28932"
  integrity sha512-Gcn10MX982lqx8XmJES2JvN8Im7h0lFwRanyQfkQG2wXko4SouD0pSGUlK6Do165Itfidhpssn6NqlRkKp/4ig==
  dependencies:
    typpy "^2.0.0"

deffy@^2.2.1, deffy@^2.2.2:
  version "2.2.5"
  resolved "https://registry.yarnpkg.com/deffy/-/deffy-2.2.5.tgz#6b6f4194374c5bda0840fc0d9ba3ab5def227cfd"
  integrity sha512-6TX2cfIo97eKqWmqgMDAUulCwnveAe3K+4VGsTGPJsL3NtSEnSBFZ3sUXdS4EBhZ8GbdaZBzXQ04ton18dJrug==
  dependencies:
    typpy "^2.0.0"

err@^2.1.0:
  version "2.1.13"
  resolved "https://registry.yarnpkg.com/err/-/err-2.1.13.tgz#9f5929a11f740861c06f6fb370a7c70ee1096959"
  integrity sha512-Uu6ap63BLYWlFIoD4f1x02IXWdz4ZAhLoFTmUcA2SUe8euf/pmBPc/2zwiC1inUC8LB9sMI63OAyG/7TaOuz8Q==
  dependencies:
    barbe "^3.0.4"
    iterate-object "^1.3.1"
    typpy "^2.2.0"

figlet@^1.1.0:
  version "1.9.4"
  resolved "https://registry.yarnpkg.com/figlet/-/figlet-1.9.4.tgz#2f642d6ba473b186cb6b9052c180045ba638685d"
  integrity sha512-uN6QE+TrzTAHC1IWTyrc4FfGo2KH/82J8Jl1tyKB7+z5DBit/m3D++Iu5lg91qJMnQQ3vpJrj5gxcK/pk4R9tQ==
  dependencies:
    commander "^14.0.0"

flat-colors@3.0.0:
  version "3.0.0"
  resolved "https://registry.yarnpkg.com/flat-colors/-/flat-colors-3.0.0.tgz#253ab1a23989c321f13b0acd4bf73fff4072ecb7"
  integrity sha512-UDm0W6LZOdQL0kfbHW1/hohk4bws+ypeww4SyKv5Kn0CIzWWn2blNLLv4nWFuVt5NFv6PHWQYzuHf0uWqiX56g==

flat-colors@^3.3.3:
  version "3.3.13"
  resolved "https://registry.yarnpkg.com/flat-colors/-/flat-colors-3.3.13.tgz#809daf5e382a91e25547c1692ef4ef156084514b"
  integrity sha512-wtm7d8radXRuXQEV8taHfW2PybnYAEEr3rK3ri3mKbeA4wc2vzOyAYpbY26MJWl7IthhiqduvC2XcJvIdZsegQ==

function.name@^1.0.3:
  version "1.0.14"
  resolved "https://registry.yarnpkg.com/function.name/-/function.name-1.0.14.tgz#76be1a4ad0dfa872d8025d55d6ca91767652bc67"
  integrity sha512-s99L814NRuLxwF2sJMIcLhkQhueGXb3oKyvorzrUKKwlVB0SBbWrgZt4+EwKAo3ujCXnT7vshmCvXgZA09kCMw==
  dependencies:
    noop6 "^1.0.1"

has-flag@^1.0.0:
  version "1.0.0"
  resolved "https://registry.yarnpkg.com/has-flag/-/has-flag-1.0.0.tgz#9d9e793165ce017a00f00418c43f942a7b1d11fa"
  integrity sha512-DyYHfIYwAJmjAjSSPKANxI8bFY9YtFrgkAfinBojQ8YJTOuOuav64tMUJv584SES4xl74PmuaevIyaLESHdTAA==

indento@^1.1.1:
  version "1.1.14"
  resolved "https://registry.yarnpkg.com/indento/-/indento-1.1.14.tgz#95cb2c91850ddf472d5604ae245712261e301b48"
  integrity sha512-K4cK97v4M/ucCAbe3LUpg994folYL0WnEiCFxHXAIowKLbBb/Ahiazkz3Ao5gRar4i9pDr3imcpq4suOu0FbNw==

is-buffer@^1.1.5:
  version "1.1.6"
  resolved "https://registry.yarnpkg.com/is-buffer/-/is-buffer-1.1.6.tgz#efaa2ea9daa0d7ab2ea13a97b2b8ad51fefbe8be"
  integrity sha512-NcdALwpXkTm5Zvvbk7owOUSvVvBKDgKP5/ewfXEznmQFfs4ZRmanOeKBTjRVjka3QFoN6XJ+9F3USqfHqTaU5w==

is-empty-obj@^1.0.1:
  version "1.0.14"
  resolved "https://registry.yarnpkg.com/is-empty-obj/-/is-empty-obj-1.0.14.tgz#043f8a8fc7f3d519b63370a9961349797d141cf9"
  integrity sha512-NE153YABOyMzd97pyD5QyOulWzav99vCMlFzoxJp6BScLTR6E9TrS4JGSGKeK77Ic0tUvbxRqKl2iw++d53X8A==

is-number@^2.1.0:
  version "2.1.0"
  resolved "https://registry.yarnpkg.com/is-number/-/is-number-2.1.0.tgz#01fcbbb393463a548f2f466cce16dece49db908f"
  integrity sha512-QUzH43Gfb9+5yckcrSA0VBDwEtDUchrk4F6tfJZQuNzDJbEDB9cZNzSfXGQ1jqmdDY/kl41lUOWM9syA8z8jlg==
  dependencies:
    kind-of "^3.0.2"

is-undefined@^1.0.0:
  version "1.0.12"
  resolved "https://registry.yarnpkg.com/is-undefined/-/is-undefined-1.0.12.tgz#1b2241ef0450bc32c725228cc8d4efe9162ef127"
  integrity sha512-qaX2mymwUhMq+NQPnx5iR/u2PgqhL6jLzDunMmonOgVofqoFhxzd6kOmiL0DLYZUkN/RvNWYPenoANVn5phlaA==

is-win@^1.0.0, is-win@^1.0.4:
  version "1.0.11"
  resolved "https://registry.yarnpkg.com/is-win/-/is-win-1.0.11.tgz#ee3bead82a511f8352695447502eafe342a5d9a9"
  integrity sha512-+XpgpizPqNzohXiqme7pfhAhpoG0Eo+CtuSx/XYW4enarERuheDbNbFrm4+XYylpV1w/eI+si5itFA0RfCWjog==

iterate-object@^1.3.1, iterate-object@^1.3.2:
  version "1.3.5"
  resolved "https://registry.yarnpkg.com/iterate-object/-/iterate-object-1.3.5.tgz#3a561311aad5eb6c68d43a8d5e6de0ae27edea5d"
  integrity sha512-eL23u8oFooYTq6TtJKjp2RYjZnCkUYQvC0T/6fJfWykXJ3quvdDdzKZ3CEjy8b3JGOvLTjDYMEMIp5243R906A==

kind-of@^3.0.2:
  version "3.2.2"
  resolved "https://registry.yarnpkg.com/kind-of/-/kind-of-3.2.2.tgz#31ea21a734bab9bbb0f32466d893aea51e4a3c64"
  integrity sha512-NOW9QQXMoZGg/oqnVNoNTTIFEIid1627WCffUBJEdMxYApq7mNE7CpzucIPc+ZQg25Phej7IJSmX3hO+oblOtQ==
  dependencies:
    is-buffer "^1.1.5"

last-char@^1.3.1:
  version "1.3.12"
  resolved "https://registry.yarnpkg.com/last-char/-/last-char-1.3.12.tgz#444664e58b7473df234cc19f4c26ecc8afca03cb"
  integrity sha512-SC6M3YEyJ1R/2K0D0Qk/wBUH0VJpZx8PlL9G1+0FRImS0Fp1yWr7jG4chJ91rGQUytlzKqZdOAPHqm/r4Ri9Kw==

le-table@^6.1.0:
  version "6.1.11"
  resolved "https://registry.yarnpkg.com/le-table/-/le-table-6.1.11.tgz#37326781cbc864b01c69b9546f336d8a48bfcbe8"
  integrity sha512-398j3kZd/kyI6CwYo5+fa43+rHpX/XUzfkyRjatojjbmQfo4AP0spd3HzJuLFWBXXas4DyLavnfdCeLvh+59KQ==
  dependencies:
    ansi-parser "^3.2.1"
    cli-box "^6.0.0"
    overlap "^2.2.1"
    ul "^5.2.1"

match-it@^1.0.0:
  version "1.0.10"
  resolved "https://registry.yarnpkg.com/match-it/-/match-it-1.0.10.tgz#9ca220d7e11457f613b2b0057699fcc03c0a782a"
  integrity sha512-twa4uWRhjEOkjj5LpR2lc5sr5x6jSX9QU5f1IfU9fSY/cxn06NRMea58ggfWGoAU1iNSWwM5CLnNTYwjcNqgOw==

noop6@^1.0.0, noop6@^1.0.1:
  version "1.0.10"
  resolved "https://registry.yarnpkg.com/noop6/-/noop6-1.0.10.tgz#beb17db586b684585eb955de502506a069c817d7"
  integrity sha512-WZvuCILZFZHK+WuqCQwxLBGllkBK1ct8s8Mu9FMDbEsBE6/bqNxyFGbX7Xky+6bYFL8X2Ou4Cis4CJyrwXLvQA==

overlap@^1.5.0:
  version "1.5.0"
  resolved "https://registry.yarnpkg.com/overlap/-/overlap-1.5.0.tgz#f5a956522257e2a660e96b4fb191eac6c8906aad"
  integrity sha512-R9J9wul7UmFFTr7jJIFIj1o6WhPWkxK1Q1tI7LxjUUB7y9FvO/p+zpLRA85C7WRnR11QFx/OrFkE1lib5vYfRg==
  dependencies:
    ansi-parser "1.4.0"

overlap@^2.2.1:
  version "2.2.11"
  resolved "https://registry.yarnpkg.com/overlap/-/overlap-2.2.11.tgz#35dfb7b9610e44e1cd63f00b0458c67db904842e"
  integrity sha512-2MtQltB3iCr3GQ/SDXiQkLiJQuStloTW0XwcdOLuvjCdwMLgXKjYvskrl0gphgXoR8jGYVGDpKUh/KuAL8gvfQ==
  dependencies:
    ansi-parser "3.0.0"
    cli-box "5.0.0"
    couleurs "5.0.0"

prettier@^3.4.2:
  version "3.7.4"
  resolved "https://registry.yarnpkg.com/prettier/-/prettier-3.7.4.tgz#d2f8335d4b1cec47e1c8098645411b0c9dff9c0f"
  integrity sha512-v6UNi1+3hSlVvv8fSaoUbggEM5VErKmmpGA7Pl3HF8V6uKY7rvClBOJlH6yNwQtfTueNkGVpOv/mtWL9L4bgRA==

prompt-sync@^4.1.4:
  version "4.2.0"
  resolved "https://registry.yarnpkg.com/prompt-sync/-/prompt-sync-4.2.0.tgz#0198f73c5b70e3b03e4b9033a50540a7c9a1d7f4"
  integrity sha512-BuEzzc5zptP5LsgV5MZETjDaKSWfchl5U9Luiu8SKp7iZWD5tZalOxvNcZRwv+d2phNFr8xlbxmFNcRKfJOzJw==
  dependencies:
    strip-ansi "^5.0.0"

promptify@^2.0.0:
  version "2.0.2"
  resolved "https://registry.yarnpkg.com/promptify/-/promptify-2.0.2.tgz#4f12fd855733cc494f0808e7cc30d8070779d218"
  integrity sha512-xjWxIIbCLezHyRpwCatBE4BTSX4ycrTA/MwepJYRxgRqYYc2Y8oiNU543MNsnhzQxLiktYjtK+GF/se7jiDpWQ==
  dependencies:
    is-win "^1.0.4"
    ul "^5.2.9"

r-json@^1.2.1:
  version "1.3.1"
  resolved "https://registry.yarnpkg.com/r-json/-/r-json-1.3.1.tgz#0954c88d01c1ff94d111ee079869015c56f7a6cc"
  integrity sha512-5nhRFfjVMQdrwKUfUlRpDUCocdKtjSnYZ1R/86mpZDV3MfsZ3dYYNjSGuMX+mPBvFvQBhdzxSqxkuLPLv4uFGg==
  dependencies:
    w-json "1.3.10"

regex-escape@^3.0.0, regex-escape@^3.4.10:
  version "3.4.11"
  resolved "https://registry.yarnpkg.com/regex-escape/-/regex-escape-3.4.11.tgz#5a1c34e0c6be4aef71b65d7e6957a85c191fd773"
  integrity sha512-051l4Hl/0HoJwTvNztrWVjoxLiseSfCrDgWqwR1cnGM/nyQSeIjmvti5zZ7HzOmsXDPaJ2k0iFxQ6/WNpJD5wQ==

remove-blank-lines@^1.0.1:
  version "1.4.2"
  resolved "https://registry.yarnpkg.com/remove-blank-lines/-/remove-blank-lines-1.4.2.tgz#a1364269983d3273d6231cc4c8682b487b64a2c4"
  integrity sha512-B8ru6S9sbP9AtXa14Mz1lYeiSPaG2UCu6yPT17QRLJnkk5RDPSe5f35RshaNpCTgiYEndIGgPzXxuB6Ayqjd/Q==

strip-ansi@^5.0.0:
  version "5.2.0"
  resolved "https://registry.yarnpkg.com/strip-ansi/-/strip-ansi-5.2.0.tgz#8c9a536feb6afc962bdfa5b104a5091c1ad9c0ae"
  integrity sha512-DuRs1gKbBqsMKIZlrffwlug8MHkcnpjs5VPmL1PAh+mA30U0DTotfDZ0d2UUsXpPmPmMMJ6W773MaA3J+lbiWA==
  dependencies:
    ansi-regex "^4.1.0"

supports-color@^3.1.2:
  version "3.2.3"
  resolved "https://registry.yarnpkg.com/supports-color/-/supports-color-3.2.3.tgz#65ac0504b3954171d8a64946b2ae3cbb8a5f54f6"
  integrity sha512-Jds2VIYDrlp5ui7t8abHN2bjAu4LV/q4N2KivFPpGH0lrka0BMq/33AmECUXlKPcHigkNaqfXRENFju+rlcy+A==
  dependencies:
    has-flag "^1.0.0"

tilda@^4.3.1:
  version "4.4.17"
  resolved "https://registry.yarnpkg.com/tilda/-/tilda-4.4.17.tgz#080d32c5daa6fc65462a29104f47f0b14641bcb7"
  integrity sha512-8MR9A47+Uqt0XJMKqCYrGqEPySnySApiVlV8k2igGZ0EipReBdVlWuz0W68cH6DpbZlBzje/h/H5yxuRATg66w==
  dependencies:
    ansi-parser "^3.2.1"
    arrs-to-obj "^1.0.0"
    auto-parse "^1.2.0"
    camelo "^1.1.2"
    clp "^4.0.0"
    debug-mode "^2.0.0"
    deffy "^2.2.1"
    err "^2.1.0"
    indento "^1.1.1"
    is-empty-obj "^1.0.1"
    is-undefined "^1.0.0"
    iterate-object "^1.3.2"
    le-table "^6.1.0"
    prompt-sync "^4.1.4"
    promptify "^2.0.0"
    r-json "^1.2.1"
    remove-blank-lines "^1.0.1"
    typpy "^2.3.1"
    ul "^5.2.1"
    wrap-text "^1.0.0"

typescript@^5.8.2:
  version "5.9.3"
  resolved "https://registry.yarnpkg.com/typescript/-/typescript-5.9.3.tgz#5b4f59e15310ab17a216f5d6cf53ee476ede670f"
  integrity sha512-jl1vZzPDinLr9eUt3J/t7V6FgNEw9QjvBPdysz9KfQDD41fQrC2Y4vKQdiaUpFT4bXlb1RHhLpp8wtm6M5TgSw==

typpy@2.0.0:
  version "2.0.0"
  resolved "https://registry.yarnpkg.com/typpy/-/typpy-2.0.0.tgz#adef3bacc12ff47aff920fab03a8ff3279d737d6"
  integrity sha512-IucehPujjCCGqmRNLfJwwDXRDleVfnt/dKMQhQWJv8q62dXb6TuJs3zscdtq1agk+po5E+WweZ9RS0VMuaXXfg==

typpy@2.3.11:
  version "2.3.11"
  resolved "https://registry.yarnpkg.com/typpy/-/typpy-2.3.11.tgz#21a0d22c96fb646306e08b6c669ad43608e1b3b9"
  integrity sha512-Jh/fykZSaxeKO0ceMAs6agki9T5TNA9kiIR6fzKbvafKpIw8UlNlHhzuqKyi5lfJJ5VojJOx9tooIbyy7vHV/g==
  dependencies:
    function.name "^1.0.3"

typpy@^2.0.0, typpy@^2.2.0, typpy@^2.3.1, typpy@^2.3.4:
  version "2.4.0"
  resolved "https://registry.yarnpkg.com/typpy/-/typpy-2.4.0.tgz#3057c4beba74b7ca8b516ef82f7f88216a64a653"
  integrity sha512-a16Uv5doNtvHzaG4wZCHmXN+l9xxmTMpyODtPz7B3DSTsDVNXilTSJGuNw68sUh0Un4bf+ghRMbEcJCI6r06mQ==
  dependencies:
    function.name "^1.0.3"

uc-first-array@^1.1.10:
  version "1.1.11"
  resolved "https://registry.yarnpkg.com/uc-first-array/-/uc-first-array-1.1.11.tgz#f2e194a180d918263353759e4a31d71a9a3f1ed1"
  integrity sha512-lJ3rUh/Jyj+JFUZc1TsXLBQijKgaZ/5JqpFLqmlK/7vXLfOIkCzXrXkL3heE1mld000YHTTJqJqkRcrMIC/w1w==
  dependencies:
    ucfirst "^1.0.0"

ucfirst@^1.0.0:
  version "1.0.0"
  resolved "https://registry.yarnpkg.com/ucfirst/-/ucfirst-1.0.0.tgz#4e105b6448d05e264ecec435e0b919363c5f2f2f"
  integrity sha512-xbB/CQ0GdkxqH4IElZqenn/dL/tnyx7DCDASWJPE92ePbFM21kKemXI2LBeYtEvblf1Ol98hyJJS43Wu5JMQSQ==

ul@5.0.0:
  version "5.0.0"
  resolved "https://registry.yarnpkg.com/ul/-/ul-5.0.0.tgz#ca80d793025f3fd5dc9bf83469818d310a7c9a62"
  integrity sha512-/wMRf3ZchW/MHV8M0fWhxhUTeJAOgrxt6u/9snab4xuMTkCuHo7TH7nyMZxrsjNobAFC8UhCNwlwVVQdVbcf1w==
  dependencies:
    deffy "2.0.0"
    typpy "2.0.0"

ul@^1.0.0:
  version "1.1.0"
  resolved "https://registry.yarnpkg.com/ul/-/ul-1.1.0.tgz#2c794ac59b1d6be3e7789f0699c9444cded2543f"
  integrity sha512-Y5LddrglZ/lZMHSoGRXXOqPEB7M7iWV5s1XMcBzhEzY2u5mi0hYyJs1czSdEab0f4a0Iyh7lNydkVMQftnb8Nw==

ul@^5.2.1, ul@^5.2.9:
  version "5.2.16"
  resolved "https://registry.yarnpkg.com/ul/-/ul-5.2.16.tgz#d1468cf368b2cd86d6fe7eeb513d58f3adddb77f"
  integrity sha512-v1YrSEsJZpJsywzF/MKgsQwMdOwBlwwmNiUOJh/yX6FHrq7dYjeua1YOhLV0q0KioqEFZC4P7MsKmpEsGdZz3w==
  dependencies:
    deffy "^2.2.2"
    typpy "^2.3.4"

undici-types@~6.21.0:
  version "6.21.0"
  resolved "https://registry.yarnpkg.com/undici-types/-/undici-types-6.21.0.tgz#691d00af3909be93a7faa13be61b3a5b50ef12cb"
  integrity sha512-iwDZqg0QAGrg9Rav5H4n0M64c3mkR59cJ6wQp+7C4nI0gsmExaedaYLNO44eT4AtBBwjbTiGPMlt2Md0T9H9JQ==

undici-types@~7.16.0:
  version "7.16.0"
  resolved "https://registry.yarnpkg.com/undici-types/-/undici-types-7.16.0.tgz#ffccdff36aea4884cbfce9a750a0580224f58a46"
  integrity sha512-Zz+aZWSj8LE6zoxD+xrjh4VfkIG8Ya6LvYkZqtUQGJPZjYl53ypCaUwWqo7eI0x66KBGeRo+mlBEkMSeSZ38Nw==

w-json@1.3.10:
  version "1.3.10"
  resolved "https://registry.yarnpkg.com/w-json/-/w-json-1.3.10.tgz#ac448a19ca22376e2753a684b52369c7b1e83313"
  integrity sha512-XadVyw0xE+oZ5FGApXsdswv96rOhStzKqL53uSe5UaTadABGkWIg1+DTx8kiZ/VqTZTBneoL0l65RcPe4W3ecw==

wrap-text@^1.0.0:
  version "1.0.10"
  resolved "https://registry.yarnpkg.com/wrap-text/-/wrap-text-1.0.10.tgz#d1d4c1ac07bb114b8e92a31fc3c9faf1077e890d"
  integrity sha512-WwcKHo8D9ncPFdKDBLmFipyx8J0fVjc1BMzCqVhaSrqw0Ae/hUdsNNo4pKm0OGHuTcLNHznKKQi0hB5jne26ow==

ws@^8.18.3:
  version "8.18.3"
  resolved "https://registry.yarnpkg.com/ws/-/ws-8.18.3.tgz#b56b88abffde62791c639170400c93dcb0c95472"
  integrity sha512-PEIGCY5tSlUt50cqyMXfCzX+oOPqN0vuGqWzbcJ2xvnkzkq46oOpz7dQaTDBdfICb4N14+GARUDw2XV2N4tvzg==

x256@0.0.2:
  version "0.0.2"
  resolved "https://registry.yarnpkg.com/x256/-/x256-0.0.2.tgz#c9af18876f7a175801d564fe70ad9e8317784934"
  integrity sha512-ZsIH+sheoF8YG9YG+QKEEIdtqpHRA9FYuD7MqhfyB1kayXU43RUNBFSxBEnF8ywSUxdg+8no4+bPr5qLbyxKgA==
